
Microsoft Visual Studio Solution File, Format Version 12.00
# Visual Studio 15
VisualStudioVersion = 15.0.28307.1259
MinimumVisualStudioVersion = 10.0.40219.1
Project("{8BC9CEB8-8B4A-11D0-8D11-00A0C91BC942}") = "libplist", "libplist.vcxproj", "{BE80A58B-2788-431B-B691-9F721D876898}"
EndProject
Global
	GlobalSection(SolutionConfigurationPlatforms) = preSolution
		Debug|x64 = Debug|x64
		Debug|x86 = Debug|x86
		Release|x64 = Release|x64
		Release|x86 = Release|x86
	EndGlobalSection
	GlobalSection(ProjectConfigurationPlatforms) = postSolution
		{BE80A58B-2788-431B-B691-9F721D876898}.Debug|x64.ActiveCfg = Debug|x64
		{BE80A58B-2788-431B-B691-9F721D876898}.Debug|x64.Build.0 = Debug|x64
		{BE80A58B-2788-431B-B691-9F721D876898}.Debug|x86.ActiveCfg = Debug|Win32
		{BE80A58B-2788-431B-B691-9F721D876898}.Debug|x86.Build.0 = Debug|Win32
		{BE80A58B-2788-431B-B691-9F721D876898}.Release|x64.ActiveCfg = Release|x64
		{BE80A58B-2788-431B-B691-9F721D876898}.Release|x64.Build.0 = Release|x64
		{BE80A58B-2788-431B-B691-9F721D876898}.Release|x86.ActiveCfg = Release|Win32
		{BE80A58B-2788-431B-B691-9F721D876898}.Release|x86.Build.0 = Release|Win32
	EndGlobalSection
	GlobalSection(SolutionProperties) = preSolution
		HideSolutionNode = FALSE
	EndGlobalSection
	GlobalSection(ExtensibilityGlobals) = postSolution
		SolutionGuid = {F0058EAA-098C-405A-81A7-3E31081D934B}
	EndGlobalSection
EndGlobal
