
Microsoft Visual Studio Solution File, Format Version 12.00
# Visual Studio 15
VisualStudioVersion = 15.0.28307.1259
MinimumVisualStudioVersion = 10.0.40219.1
Project("{8BC9CEB8-8B4A-11D0-8D11-00A0C91BC942}") = "WechatExporter", "WechatExporter.vcxproj", "{F57219E8-8B1F-41E3-B553-03C1884E8E4D}"
EndProject
Project("{8BC9CEB8-8B4A-11D0-8D11-00A0C91BC942}") = "WechatExporterCmd", "WechatExporterCmd.vcxproj", "{C0637D9A-3C23-495C-B661-5FDCD2169583}"
EndProject
Global
	GlobalSection(SolutionConfigurationPlatforms) = preSolution
		Debug|x64 = Debug|x64
		Debug|x86 = Debug|x86
		Release|x64 = Release|x64
		Release|x86 = Release|x86
	EndGlobalSection
	GlobalSection(ProjectConfigurationPlatforms) = postSolution
		{F57219E8-8B1F-41E3-B553-03C1884E8E4D}.Debug|x64.ActiveCfg = Debug|x64
		{F57219E8-8B1F-41E3-B553-03C1884E8E4D}.Debug|x64.Build.0 = Debug|x64
		{F57219E8-8B1F-41E3-B553-03C1884E8E4D}.Debug|x86.ActiveCfg = Debug|Win32
		{F57219E8-8B1F-41E3-B553-03C1884E8E4D}.Debug|x86.Build.0 = Debug|Win32
		{F57219E8-8B1F-41E3-B553-03C1884E8E4D}.Release|x64.ActiveCfg = Release|x64
		{F57219E8-8B1F-41E3-B553-03C1884E8E4D}.Release|x64.Build.0 = Release|x64
		{F57219E8-8B1F-41E3-B553-03C1884E8E4D}.Release|x86.ActiveCfg = Release|Win32
		{F57219E8-8B1F-41E3-B553-03C1884E8E4D}.Release|x86.Build.0 = Release|Win32
		{C0637D9A-3C23-495C-B661-5FDCD2169583}.Debug|x64.ActiveCfg = Debug|x64
		{C0637D9A-3C23-495C-B661-5FDCD2169583}.Debug|x64.Build.0 = Debug|x64
		{C0637D9A-3C23-495C-B661-5FDCD2169583}.Debug|x86.ActiveCfg = Debug|Win32
		{C0637D9A-3C23-495C-B661-5FDCD2169583}.Debug|x86.Build.0 = Debug|Win32
		{C0637D9A-3C23-495C-B661-5FDCD2169583}.Release|x64.ActiveCfg = Release|x64
		{C0637D9A-3C23-495C-B661-5FDCD2169583}.Release|x64.Build.0 = Release|x64
		{C0637D9A-3C23-495C-B661-5FDCD2169583}.Release|x86.ActiveCfg = Release|Win32
		{C0637D9A-3C23-495C-B661-5FDCD2169583}.Release|x86.Build.0 = Release|Win32
	EndGlobalSection
	GlobalSection(SolutionProperties) = preSolution
		HideSolutionNode = FALSE
	EndGlobalSection
	GlobalSection(ExtensibilityGlobals) = postSolution
		SolutionGuid = {D4BEDF3C-C880-4E96-939D-8D1BCBEF9ED3}
	EndGlobalSection
EndGlobal
